
Microsoft Visual Studio Solution File, Format Version 12.00
# Visual Studio Version 17
VisualStudioVersion = 17.13.35913.81 d17.13
MinimumVisualStudioVersion = 10.0.40219.1
Project("{FAE04EC0-301F-11D3-BF4B-00C04F79EFBC}") = "UnifleqSolutions_IMS", "UnifleqSolutions_IMS.csproj", "{EC012E26-1B76-45D4-B763-F74B39647ED5}"
EndProject
Global
	GlobalSection(SolutionConfigurationPlatforms) = preSolution
		Debug|Any CPU = Debug|Any CPU
		Release|Any CPU = Release|Any CPU
	EndGlobalSection
	GlobalSection(ProjectConfigurationPlatforms) = postSolution
		{EC012E26-1B76-45D4-B763-F74B39647ED5}.Debug|Any CPU.ActiveCfg = Debug|Any CPU
		{EC012E26-1B76-45D4-B763-F74B39647ED5}.Debug|Any CPU.Build.0 = Debug|Any CPU
		{EC012E26-1B76-45D4-B763-F74B39647ED5}.Release|Any CPU.ActiveCfg = Release|Any CPU
		{EC012E26-1B76-45D4-B763-F74B39647ED5}.Release|Any CPU.Build.0 = Release|Any CPU
	EndGlobalSection
	GlobalSection(SolutionProperties) = preSolution
		HideSolutionNode = FALSE
	EndGlobalSection
	GlobalSection(ExtensibilityGlobals) = postSolution
		SolutionGuid = {B4AF7591-A559-44B1-9F74-8C86961DBDEA}
	EndGlobalSection
EndGlobal
